{
  "action: remove_modular_gem\nreason: \"The gemspec owns the project's documentation dependency.\"": [
    {
      "file": ".structuredmerge/kettle-jem.yml",
      "lines": [
        112,
        127
      ]
    }
  ],
  "action: remove_modular_gem\nreason: \"The gemspec owns the project's style dependency.\"": [
    {
      "file": ".structuredmerge/kettle-jem.yml",
      "lines": [
        117,
        122
      ]
    }
  ],
  "direct: activesupport-tagged_logging.gemspec\nmodular: gemfiles/modular/documentation.gemfile": [
    {
      "file": ".structuredmerge/kettle-jem.yml",
      "lines": [
        110,
        125
      ]
    }
  ],
  "direct: activesupport-tagged_logging.gemspec\nmodular: gemfiles/modular/style.gemfile": [
    {
      "file": ".structuredmerge/kettle-jem.yml",
      "lines": [
        115,
        120
      ]
    }
  ],
  "is automatically depended on and configured by this gem,\nso you don't need to do anything else.": [
    {
      "file": "README.md",
      "lines": [
        191,
        201
      ]
    }
  ],
  "modular: gemfiles/modular/documentation.gemfile\naction: remove_modular_gem": [
    {
      "file": ".structuredmerge/kettle-jem.yml",
      "lines": [
        111,
        126
      ]
    }
  ],
  "modular: gemfiles/modular/style.gemfile\naction: remove_modular_gem": [
    {
      "file": ".structuredmerge/kettle-jem.yml",
      "lines": [
        116,
        121
      ]
    }
  ]
}
