{
  "- 36.36% documented\n### Changed": [
    {
      "file": "CHANGELOG.md",
      "lines": [
        97,
        105,
        115,
        126
      ]
    }
  ],
  "is automatically depended on and configured by this gem,\nso you don't need to do anything else.": [
    {
      "file": "README.md",
      "lines": [
        182,
        192
      ]
    }
  ]
}
