{
  "Rakefile:3889949531": [
    [251, 3, 16, "Rake/DuplicateTask: Task `test` is defined at both Rakefile:244 and Rakefile:251.", 850263259],
    [254, 3, 16, "Rake/DuplicateTask: Task `spec` is defined at both Rakefile:230 and Rakefile:254.", 2494909563]
  ],
  "activesupport-tagged_logging.gemspec:3723381927": [
    [19, 32, 10, "Gemspec/RequiredRubyVersion: `required_ruby_version` and `TargetRubyVersion` (2.7, which may be specified in .rubocop.yml) should be equal.", 4072465588],
    [43, 78, 4, "Lint/LtsRuby/UnavailableMethod: Symbol#name is unavailable before Ruby 3.0.", 2087876002],
    [46, 71, 4, "Lint/LtsRuby/UnavailableMethod: Symbol#name is unavailable before Ruby 3.0.", 2087876002],
    [84, 13, 4, "Lint/LtsRuby/UnavailableMethod: Symbol#name is unavailable before Ruby 3.0.", 2087876002]
  ],
  "gemfiles/modular/coverage_local.gemfile:2661471746": [
    [19, 27, 4, "Lint/LtsRuby/UnavailableMethod: Symbol#name is unavailable before Ruby 3.0.", 2087876002],
    [37, 101, 4, "Lint/LtsRuby/UnavailableMethod: Symbol#name is unavailable before Ruby 3.0.", 2087876002],
    [49, 31, 4, "Lint/LtsRuby/UnavailableMethod: Symbol#name is unavailable before Ruby 3.0.", 2087876002]
  ],
  "gemfiles/modular/documentation_local.gemfile:3227795705": [
    [19, 27, 4, "Lint/LtsRuby/UnavailableMethod: Symbol#name is unavailable before Ruby 3.0.", 2087876002]
  ],
  "gemfiles/modular/style_local.gemfile:1028357962": [
    [22, 27, 4, "Lint/LtsRuby/UnavailableMethod: Symbol#name is unavailable before Ruby 3.0.", 2087876002]
  ],
  "gemfiles/modular/templating_local.gemfile:1318235891": [
    [20, 27, 4, "Lint/LtsRuby/UnavailableMethod: Symbol#name is unavailable before Ruby 3.0.", 2087876002],
    [85, 101, 4, "Lint/LtsRuby/UnavailableMethod: Symbol#name is unavailable before Ruby 3.0.", 2087876002],
    [97, 31, 4, "Lint/LtsRuby/UnavailableMethod: Symbol#name is unavailable before Ruby 3.0.", 2087876002]
  ],
  "lib/activesupport/tagged_logging.rb:1638025348": [
    [98, 38, 4, "Lint/LtsRuby/UnavailableMethod: Set#join is unavailable before Ruby 3.0.", 2088000679]
  ],
  "spec/activesupport/tagged_logging/broadcasting_spec.rb:3277960232": [
    [6, 1, 57, "RSpec/SpecFilePathFormat: Spec path should end with `active_support/tagged_logging/broadcasting*_spec.rb`.", 1213320282]
  ],
  "spec/activesupport/tagged_logging_spec.rb:604880833": [
    [3, 1, 43, "RSpec/SpecFilePathFormat: Spec path should end with `active_support/tagged_logging*_spec.rb`.", 3799542693],
    [4, 3, 92, "Lint/ConstantDefinitionInBlock: Do not define constants this way within a block.", 4160268232],
    [4, 3, 92, "RSpec/LeakyConstantDeclaration: Stub class constant instead of declaring explicitly.", 4160268232],
    [12, 15, 28, "RSpec/DescribedClass: Use `described_class` instead of `ActiveSupport::TaggedLogging`.", 2120788273],
    [23, 20, 28, "RSpec/DescribedClass: Use `described_class` instead of `ActiveSupport::TaggedLogging`.", 2120788273],
    [82, 7, 10, "ThreadSafety/NewThread: Avoid starting new threads.", 3411682361],
    [85, 11, 4, "Lint/LtsRuby/UnavailableMethod: Set#join is unavailable before Ruby 3.0.", 2088000679],
    [92, 5, 10, "ThreadSafety/NewThread: Avoid starting new threads.", 3411682361],
    [95, 9, 4, "Lint/LtsRuby/UnavailableMethod: Set#join is unavailable before Ruby 3.0.", 2088000679],
    [102, 20, 28, "RSpec/DescribedClass: Use `described_class` instead of `ActiveSupport::TaggedLogging`.", 2120788273],
    [114, 20, 28, "RSpec/DescribedClass: Use `described_class` instead of `ActiveSupport::TaggedLogging`.", 2120788273],
    [127, 7, 10, "ThreadSafety/NewThread: Avoid starting new threads.", 3411682361],
    [132, 11, 4, "Lint/LtsRuby/UnavailableMethod: Set#join is unavailable before Ruby 3.0.", 2088000679],
    [148, 15, 28, "RSpec/DescribedClass: Use `described_class` instead of `ActiveSupport::TaggedLogging`.", 2120788273],
    [157, 17, 28, "RSpec/DescribedClass: Use `described_class` instead of `ActiveSupport::TaggedLogging`.", 2120788273],
    [188, 7, 10, "ThreadSafety/NewThread: Avoid starting new threads.", 3411682361],
    [191, 11, 4, "Lint/LtsRuby/UnavailableMethod: Set#join is unavailable before Ruby 3.0.", 2088000679],
    [200, 22, 28, "RSpec/DescribedClass: Use `described_class` instead of `ActiveSupport::TaggedLogging`.", 2120788273],
    [212, 22, 28, "RSpec/DescribedClass: Use `described_class` instead of `ActiveSupport::TaggedLogging`.", 2120788273],
    [233, 26, 28, "RSpec/DescribedClass: Use `described_class` instead of `ActiveSupport::TaggedLogging`.", 2120788273],
    [251, 23, 28, "RSpec/DescribedClass: Use `described_class` instead of `ActiveSupport::TaggedLogging`.", 2120788273]
  ]
}
